
Microsoft Visual Studio Solution File, Format Version 11.00
# Visual Studio 2010
Project("{FAE04EC0-301F-11D3-BF4B-00C04F79EFBC}") = "peggyrebooted", "Assembly-CSharp-firstpass.csproj", "{2041EF4C-2234-CE47-2DAA-02641DD14283}"
EndProject
Project("{FAE04EC0-301F-11D3-BF4B-00C04F79EFBC}") = "peggyrebooted", "Assembly-CSharp.csproj", "{EA92B0C3-43EF-8D4A-ACCD-AB8F0C926395}"
EndProject
Project("{FAE04EC0-301F-11D3-BF4B-00C04F79EFBC}") = "peggyrebooted", "Assembly-CSharp-Editor-firstpass.csproj", "{3892BDFF-355A-078D-0D1E-8CFB943D1A59}"
EndProject
Global
	GlobalSection(SolutionConfigurationPlatforms) = preSolution
		Debug|Any CPU = Debug|Any CPU
		Release|Any CPU = Release|Any CPU
	EndGlobalSection
	GlobalSection(ProjectConfigurationPlatforms) = postSolution
		{2041EF4C-2234-CE47-2DAA-02641DD14283}.Debug|Any CPU.ActiveCfg = Debug|Any CPU
		{2041EF4C-2234-CE47-2DAA-02641DD14283}.Debug|Any CPU.Build.0 = Debug|Any CPU
		{2041EF4C-2234-CE47-2DAA-02641DD14283}.Release|Any CPU.ActiveCfg = Release|Any CPU
		{2041EF4C-2234-CE47-2DAA-02641DD14283}.Release|Any CPU.Build.0 = Release|Any CPU
		{EA92B0C3-43EF-8D4A-ACCD-AB8F0C926395}.Debug|Any CPU.ActiveCfg = Debug|Any CPU
		{EA92B0C3-43EF-8D4A-ACCD-AB8F0C926395}.Debug|Any CPU.Build.0 = Debug|Any CPU
		{EA92B0C3-43EF-8D4A-ACCD-AB8F0C926395}.Release|Any CPU.ActiveCfg = Release|Any CPU
		{EA92B0C3-43EF-8D4A-ACCD-AB8F0C926395}.Release|Any CPU.Build.0 = Release|Any CPU
		{3892BDFF-355A-078D-0D1E-8CFB943D1A59}.Debug|Any CPU.ActiveCfg = Debug|Any CPU
		{3892BDFF-355A-078D-0D1E-8CFB943D1A59}.Debug|Any CPU.Build.0 = Debug|Any CPU
		{3892BDFF-355A-078D-0D1E-8CFB943D1A59}.Release|Any CPU.ActiveCfg = Release|Any CPU
		{3892BDFF-355A-078D-0D1E-8CFB943D1A59}.Release|Any CPU.Build.0 = Release|Any CPU
	EndGlobalSection
	GlobalSection(SolutionProperties) = preSolution
		HideSolutionNode = FALSE
	EndGlobalSection
	GlobalSection(MonoDevelopProperties) = preSolution
		StartupItem = Assembly-CSharp.csproj
	EndGlobalSection
EndGlobal
